
Microsoft Visual Studio Solution File, Format Version 12.00
# Visual Studio 14
VisualStudioVersion = 14.0.25420.1
MinimumVisualStudioVersion = 10.0.40219.1
Project("{FAE04EC0-301F-11D3-BF4B-00C04F79EFBC}") = "CTS Web App", "CTS Web App\CTS Web App.csproj", "{063F8590-BC87-4FCE-B2A7-5A424F5AB5D5}"
EndProject
Project("{FAE04EC0-301F-11D3-BF4B-00C04F79EFBC}") = "CTS.WebApp.Tests", "CTS.WebApp.Tests\CTS.WebApp.Tests.csproj", "{05DABB0D-92D7-4AA4-B99A-F329B48C9F2A}"
EndProject
Global
	GlobalSection(SolutionConfigurationPlatforms) = preSolution
		Debug|Any CPU = Debug|Any CPU
		Release|Any CPU = Release|Any CPU
	EndGlobalSection
	GlobalSection(ProjectConfigurationPlatforms) = postSolution
		{063F8590-BC87-4FCE-B2A7-5A424F5AB5D5}.Debug|Any CPU.ActiveCfg = Debug|Any CPU
		{063F8590-BC87-4FCE-B2A7-5A424F5AB5D5}.Debug|Any CPU.Build.0 = Debug|Any CPU
		{063F8590-BC87-4FCE-B2A7-5A424F5AB5D5}.Release|Any CPU.ActiveCfg = Release|Any CPU
		{063F8590-BC87-4FCE-B2A7-5A424F5AB5D5}.Release|Any CPU.Build.0 = Release|Any CPU
		{05DABB0D-92D7-4AA4-B99A-F329B48C9F2A}.Debug|Any CPU.ActiveCfg = Debug|Any CPU
		{05DABB0D-92D7-4AA4-B99A-F329B48C9F2A}.Debug|Any CPU.Build.0 = Debug|Any CPU
		{05DABB0D-92D7-4AA4-B99A-F329B48C9F2A}.Release|Any CPU.ActiveCfg = Release|Any CPU
		{05DABB0D-92D7-4AA4-B99A-F329B48C9F2A}.Release|Any CPU.Build.0 = Release|Any CPU
	EndGlobalSection
	GlobalSection(SolutionProperties) = preSolution
		HideSolutionNode = FALSE
	EndGlobalSection
	GlobalSection(ExtensibilityGlobals) = postSolution
		SolutionGuid = {5F2AF85B-8D59-410D-B2E0-854A2287CF76}
	EndGlobalSection
EndGlobal
